
Microsoft Visual Studio Solution File, Format Version 12.00
# Visual Studio Version 17
VisualStudioVersion = 17.6.33801.468
MinimumVisualStudioVersion = 10.0.40219.1
Project("{FAE04EC0-301F-11D3-BF4B-00C04F79EFBC}") = "Learn-LINQ", "Learn-LINQ\Learn-LINQ.csproj", "{CAFD90DE-AA3A-4364-9D0C-8BFE7968A740}"
EndProject
Global
	GlobalSection(SolutionConfigurationPlatforms) = preSolution
		Debug|Any CPU = Debug|Any CPU
		Release|Any CPU = Release|Any CPU
	EndGlobalSection
	GlobalSection(ProjectConfigurationPlatforms) = postSolution
		{CAFD90DE-AA3A-4364-9D0C-8BFE7968A740}.Debug|Any CPU.ActiveCfg = Debug|Any CPU
		{CAFD90DE-AA3A-4364-9D0C-8BFE7968A740}.Debug|Any CPU.Build.0 = Debug|Any CPU
		{CAFD90DE-AA3A-4364-9D0C-8BFE7968A740}.Release|Any CPU.ActiveCfg = Release|Any CPU
		{CAFD90DE-AA3A-4364-9D0C-8BFE7968A740}.Release|Any CPU.Build.0 = Release|Any CPU
	EndGlobalSection
	GlobalSection(SolutionProperties) = preSolution
		HideSolutionNode = FALSE
	EndGlobalSection
	GlobalSection(ExtensibilityGlobals) = postSolution
		SolutionGuid = {756D38C4-5449-437C-AD70-41C70DDF55EB}
	EndGlobalSection
EndGlobal
